// !$*UTF8*$!
{
	archiveVersion = 1;
	classes = {
	};
	objectVersion = 46;
	objects = {

/* Begin PBXBuildFile section */
		72AD41131A08B76D00D2DF1D /* main.m in Sources */ = {isa = PBXBuildFile; fileRef = 72AD41121A08B76D00D2DF1D /* main.m */; };
		72AD41161A08B76D00D2DF1D /* AppDelegate.m in Sources */ = {isa = PBXBuildFile; fileRef = 72AD41151A08B76D00D2DF1D /* AppDelegate.m */; };
		72AD41191A08B76D00D2DF1D /* ViewController.m in Sources */ = {isa = PBXBuildFile; fileRef = 72AD41181A08B76D00D2DF1D /* ViewController.m */; };
		72AD411C1A08B76D00D2DF1D /* Main.storyboard in Resources */ = {isa = PBXBuildFile; fileRef = 72AD411A1A08B76D00D2DF1D /* Main.storyboard */; };
		72AD411E1A08B76D00D2DF1D /* Images.xcassets in Resources */ = {isa = PBXBuildFile; fileRef = 72AD411D1A08B76D00D2DF1D /* Images.xcassets */; };
		72AD41211A08B76D00D2DF1D /* LaunchScreen.xib in Resources */ = {isa = PBXBuildFile; fileRef = 72AD411F1A08B76D00D2DF1D /* LaunchScreen.xib */; };
		72AD412D1A08B76D00D2DF1D /* SamplePListTests.m in Sources */ = {isa = PBXBuildFile; fileRef = 72AD412C1A08B76D00D2DF1D /* SamplePListTests.m */; };
		72AD41371A08C22800D2DF1D /* FriendsPerArea.plist in Resources */ = {isa = PBXBuildFile; fileRef = 72AD41361A08C22800D2DF1D /* FriendsPerArea.plist */; };
		72AD41D61A0A060900D2DF1D /* DetailViewController.m in Sources */ = {isa = PBXBuildFile; fileRef = 72AD41D51A0A060900D2DF1D /* DetailViewController.m */; };
/* End PBXBuildFile section */

/* Begin PBXContainerItemProxy section */
		72AD41271A08B76D00D2DF1D /* PBXContainerItemProxy */ = {
			isa = PBXContainerItemProxy;
			containerPortal = 72AD41051A08B76D00D2DF1D /* Project object */;
			proxyType = 1;
			remoteGlobalIDString = 72AD410C1A08B76D00D2DF1D;
			remoteInfo = SamplePList;
		};
/* End PBXContainerItemProxy section */

/* Begin PBXFileReference section */
		72AD410D1A08B76D00D2DF1D /* SamplePList.app */ = {isa = PBXFileReference; explicitFileType = wrapper.application; includeInIndex = 0; path = SamplePList.app; sourceTree = BUILT_PRODUCTS_DIR; };
		72AD41111A08B76D00D2DF1D /* Info.plist */ = {isa = PBXFileReference; lastKnownFileType = text.plist.xml; path = Info.plist; sourceTree = "<group>"; };
		72AD41121A08B76D00D2DF1D /* main.m */ = {isa = PBXFileReference; lastKnownFileType = sourcecode.c.objc; path = main.m; sourceTree = "<group>"; };
		72AD41141A08B76D00D2DF1D /* AppDelegate.h */ = {isa = PBXFileReference; lastKnownFileType = sourcecode.c.h; path = AppDelegate.h; sourceTree = "<group>"; };
		72AD41151A08B76D00D2DF1D /* AppDelegate.m */ = {isa = PBXFileReference; lastKnownFileType = sourcecode.c.objc; path = AppDelegate.m; sourceTree = "<group>"; };
		72AD41171A08B76D00D2DF1D /* ViewController.h */ = {isa = PBXFileReference; lastKnownFileType = sourcecode.c.h; path = ViewController.h; sourceTree = "<group>"; };
		72AD41181A08B76D00D2DF1D /* ViewController.m */ = {isa = PBXFileReference; lastKnownFileType = sourcecode.c.objc; path = ViewController.m; sourceTree = "<group>"; };
		72AD411B1A08B76D00D2DF1D /* Base */ = {isa = PBXFileReference; lastKnownFileType = file.storyboard; name = Base; path = Base.lproj/Main.storyboard; sourceTree = "<group>"; };
		72AD411D1A08B76D00D2DF1D /* Images.xcassets */ = {isa = PBXFileReference; lastKnownFileType = folder.assetcatalog; path = Images.xcassets; sourceTree = "<group>"; };
		72AD41201A08B76D00D2DF1D /* Base */ = {isa = PBXFileReference; lastKnownFileType = file.xib; name = Base; path = Base.lproj/LaunchScreen.xib; sourceTree = "<group>"; };
		72AD41261A08B76D00D2DF1D /* SamplePListTests.xctest */ = {isa = PBXFileReference; explicitFileType = wrapper.cfbundle; includeInIndex = 0; path = SamplePListTests.xctest; sourceTree = BUILT_PRODUCTS_DIR; };
		72AD412B1A08B76D00D2DF1D /* Info.plist */ = {isa = PBXFileReference; lastKnownFileType = text.plist.xml; path = Info.plist; sourceTree = "<group>"; };
		72AD412C1A08B76D00D2DF1D /* SamplePListTests.m */ = {isa = PBXFileReference; lastKnownFileType = sourcecode.c.objc; path = SamplePListTests.m; sourceTree = "<group>"; };
		72AD41361A08C22800D2DF1D /* FriendsPerArea.plist */ = {isa = PBXFileReference; fileEncoding = 4; lastKnownFileType = text.plist.xml; path = FriendsPerArea.plist; sourceTree = "<group>"; };
		72AD41D41A0A060900D2DF1D /* DetailViewController.h */ = {isa = PBXFileReference; fileEncoding = 4; lastKnownFileType = sourcecode.c.h; path = DetailViewController.h; sourceTree = "<group>"; };
		72AD41D51A0A060900D2DF1D /* DetailViewController.m */ = {isa = PBXFileReference; fileEncoding = 4; lastKnownFileType = sourcecode.c.objc; path = DetailViewController.m; sourceTree = "<group>"; };
/* End PBXFileReference section */

/* Begin PBXFrameworksBuildPhase section */
		72AD410A1A08B76D00D2DF1D /* Frameworks */ = {
			isa = PBXFrameworksBuildPhase;
			buildActionMask = 2147483647;
			files = (
			);
			runOnlyForDeploymentPostprocessing = 0;
		};
		72AD41231A08B76D00D2DF1D /* Frameworks */ = {
			isa = PBXFrameworksBuildPhase;
			buildActionMask = 2147483647;
			files = (
			);
			runOnlyForDeploymentPostprocessing = 0;
		};
/* End PBXFrameworksBuildPhase section */

/* Begin PBXGroup section */
		72AD41041A08B76D00D2DF1D = {
			isa = PBXGroup;
			children = (
				72AD410F1A08B76D00D2DF1D /* SamplePList */,
				72AD41291A08B76D00D2DF1D /* SamplePListTests */,
				72AD410E1A08B76D00D2DF1D /* Products */,
			);
			sourceTree = "<group>";
		};
		72AD410E1A08B76D00D2DF1D /* Products */ = {
			isa = PBXGroup;
			children = (
				72AD410D1A08B76D00D2DF1D /* SamplePList.app */,
				72AD41261A08B76D00D2DF1D /* SamplePListTests.xctest */,
			);
			name = Products;
			sourceTree = "<group>";
		};
		72AD410F1A08B76D00D2DF1D /* SamplePList */ = {
			isa = PBXGroup;
			children = (
				72AD41141A08B76D00D2DF1D /* AppDelegate.h */,
				72AD41151A08B76D00D2DF1D /* AppDelegate.m */,
				72AD41171A08B76D00D2DF1D /* ViewController.h */,
				72AD41181A08B76D00D2DF1D /* ViewController.m */,
				72AD41D41A0A060900D2DF1D /* DetailViewController.h */,
				72AD41D51A0A060900D2DF1D /* DetailViewController.m */,
				72AD411A1A08B76D00D2DF1D /* Main.storyboard */,
				72AD411D1A08B76D00D2DF1D /* Images.xcassets */,
				72AD411F1A08B76D00D2DF1D /* LaunchScreen.xib */,
				72AD41101A08B76D00D2DF1D /* Supporting Files */,
			);
			path = SamplePList;
			sourceTree = "<group>";
		};
		72AD41101A08B76D00D2DF1D /* Supporting Files */ = {
			isa = PBXGroup;
			children = (
				72AD41111A08B76D00D2DF1D /* Info.plist */,
				72AD41121A08B76D00D2DF1D /* main.m */,
				72AD41361A08C22800D2DF1D /* FriendsPerArea.plist */,
			);
			name = "Supporting Files";
			sourceTree = "<group>";
		};
		72AD41291A08B76D00D2DF1D /* SamplePListTests */ = {
			isa = PBXGroup;
			children = (
				72AD412C1A08B76D00D2DF1D /* SamplePListTests.m */,
				72AD412A1A08B76D00D2DF1D /* Supporting Files */,
			);
			path = SamplePListTests;
			sourceTree = "<group>";
		};
		72AD412A1A08B76D00D2DF1D /* Supporting Files */ = {
			isa = PBXGroup;
			children = (
				72AD412B1A08B76D00D2DF1D /* Info.plist */,
			);
			name = "Supporting Files";
			sourceTree = "<group>";
		};
/* End PBXGroup section */

/* Begin PBXNativeTarget section */
		72AD410C1A08B76D00D2DF1D /* SamplePList */ = {
			isa = PBXNativeTarget;
			buildConfigurationList = 72AD41301A08B76D00D2DF1D /* Build configuration list for PBXNativeTarget "SamplePList" */;
			buildPhases = (
				72AD41091A08B76D00D2DF1D /* Sources */,
				72AD410A1A08B76D00D2DF1D /* Frameworks */,
				72AD410B1A08B76D00D2DF1D /* Resources */,
			);
			buildRules = (
			);
			dependencies = (
			);
			name = SamplePList;
			productName = SamplePList;
			productReference = 72AD410D1A08B76D00D2DF1D /* SamplePList.app */;
			productType = "com.apple.product-type.application";
		};
		72AD41251A08B76D00D2DF1D /* SamplePListTests */ = {
			isa = PBXNativeTarget;
			buildConfigurationList = 72AD41331A08B76D00D2DF1D /* Build configuration list for PBXNativeTarget "SamplePListTests" */;
			buildPhases = (
				72AD41221A08B76D00D2DF1D /* Sources */,
				72AD41231A08B76D00D2DF1D /* Frameworks */,
				72AD41241A08B76D00D2DF1D /* Resources */,
			);
			buildRules = (
			);
			dependencies = (
				72AD41281A08B76D00D2DF1D /* PBXTargetDependency */,
			);
			name = SamplePListTests;
			productName = SamplePListTests;
			productReference = 72AD41261A08B76D00D2DF1D /* SamplePListTests.xctest */;
			productType = "com.apple.product-type.bundle.unit-test";
		};
/* End PBXNativeTarget section */

/* Begin PBXProject section */
		72AD41051A08B76D00D2DF1D /* Project object */ = {
			isa = PBXProject;
			attributes = {
				LastUpgradeCheck = 0610;
				ORGANIZATIONNAME = keikomotomura;
				TargetAttributes = {
					72AD410C1A08B76D00D2DF1D = {
						CreatedOnToolsVersion = 6.1;
					};
					72AD41251A08B76D00D2DF1D = {
						CreatedOnToolsVersion = 6.1;
						TestTargetID = 72AD410C1A08B76D00D2DF1D;
					};
				};
			};
			buildConfigurationList = 72AD41081A08B76D00D2DF1D /* Build configuration list for PBXProject "SamplePList" */;
			compatibilityVersion = "Xcode 3.2";
			developmentRegion = English;
			hasScannedForEncodings = 0;
			knownRegions = (
				en,
				Base,
			);
			mainGroup = 72AD41041A08B76D00D2DF1D;
			productRefGroup = 72AD410E1A08B76D00D2DF1D /* Products */;
			projectDirPath = "";
			projectRoot = "";
			targets = (
				72AD410C1A08B76D00D2DF1D /* SamplePList */,
				72AD41251A08B76D00D2DF1D /* SamplePListTests */,
			);
		};
/* End PBXProject section */

/* Begin PBXResourcesBuildPhase section */
		72AD410B1A08B76D00D2DF1D /* Resources */ = {
			isa = PBXResourcesBuildPhase;
			buildActionMask = 2147483647;
			files = (
				72AD411C1A08B76D00D2DF1D /* Main.storyboard in Resources */,
				72AD41371A08C22800D2DF1D /* FriendsPerArea.plist in Resources */,
				72AD41211A08B76D00D2DF1D /* LaunchScreen.xib in Resources */,
				72AD411E1A08B76D00D2DF1D /* Images.xcassets in Resources */,
			);
			runOnlyForDeploymentPostprocessing = 0;
		};
		72AD41241A08B76D00D2DF1D /* Resources */ = {
			isa = PBXResourcesBuildPhase;
			buildActionMask = 2147483647;
			files = (
			);
			runOnlyForDeploymentPostprocessing = 0;
		};
/* End PBXResourcesBuildPhase section */

/* Begin PBXSourcesBuildPhase section */
		72AD41091A08B76D00D2DF1D /* Sources */ = {
			isa = PBXSourcesBuildPhase;
			buildActionMask = 2147483647;
			files = (
				72AD41191A08B76D00D2DF1D /* ViewController.m in Sources */,
				72AD41161A08B76D00D2DF1D /* AppDelegate.m in Sources */,
				72AD41131A08B76D00D2DF1D /* main.m in Sources */,
				72AD41D61A0A060900D2DF1D /* DetailViewController.m in Sources */,
			);
			runOnlyForDeploymentPostprocessing = 0;
		};
		72AD41221A08B76D00D2DF1D /* Sources */ = {
			isa = PBXSourcesBuildPhase;
			buildActionMask = 2147483647;
			files = (
				72AD412D1A08B76D00D2DF1D /* SamplePListTests.m in Sources */,
			);
			runOnlyForDeploymentPostprocessing = 0;
		};
/* End PBXSourcesBuildPhase section */

/* Begin PBXTargetDependency section */
		72AD41281A08B76D00D2DF1D /* PBXTargetDependency */ = {
			isa = PBXTargetDependency;
			target = 72AD410C1A08B76D00D2DF1D /* SamplePList */;
			targetProxy = 72AD41271A08B76D00D2DF1D /* PBXContainerItemProxy */;
		};
/* End PBXTargetDependency section */

/* Begin PBXVariantGroup section */
		72AD411A1A08B76D00D2DF1D /* Main.storyboard */ = {
			isa = PBXVariantGroup;
			children = (
				72AD411B1A08B76D00D2DF1D /* Base */,
			);
			name = Main.storyboard;
			sourceTree = "<group>";
		};
		72AD411F1A08B76D00D2DF1D /* LaunchScreen.xib */ = {
			isa = PBXVariantGroup;
			children = (
				72AD41201A08B76D00D2DF1D /* Base */,
			);
			name = LaunchScreen.xib;
			sourceTree = "<group>";
		};
/* End PBXVariantGroup section */

/* Begin XCBuildConfiguration section */
		72AD412E1A08B76D00D2DF1D /* Debug */ = {
			isa = XCBuildConfiguration;
			buildSettings = {
				ALWAYS_SEARCH_USER_PATHS = NO;
				CLANG_CXX_LANGUAGE_STANDARD = "gnu++0x";
				CLANG_CXX_LIBRARY = "libc++";
				CLANG_ENABLE_MODULES = YES;
				CLANG_ENABLE_OBJC_ARC = YES;
				CLANG_WARN_BOOL_CONVERSION = YES;
				CLANG_WARN_CONSTANT_CONVERSION = YES;
				CLANG_WARN_DIRECT_OBJC_ISA_USAGE = YES_ERROR;
				CLANG_WARN_EMPTY_BODY = YES;
				CLANG_WARN_ENUM_CONVERSION = YES;
				CLANG_WARN_INT_CONVERSION = YES;
				CLANG_WARN_OBJC_ROOT_CLASS = YES_ERROR;
				CLANG_WARN_UNREACHABLE_CODE = YES;
				CLANG_WARN__DUPLICATE_METHOD_MATCH = YES;
				"CODE_SIGN_IDENTITY[sdk=iphoneos*]" = "iPhone Developer";
				COPY_PHASE_STRIP = NO;
				ENABLE_STRICT_OBJC_MSGSEND = YES;
				GCC_C_LANGUAGE_STANDARD = gnu99;
				GCC_DYNAMIC_NO_PIC = NO;
				GCC_OPTIMIZATION_LEVEL = 0;
				GCC_PREPROCESSOR_DEFINITIONS = (
					"DEBUG=1",
					"$(inherited)",
				);
				GCC_SYMBOLS_PRIVATE_EXTERN = NO;
				GCC_WARN_64_TO_32_BIT_CONVERSION = YES;
				GCC_WARN_ABOUT_RETURN_TYPE = YES_ERROR;
				GCC_WARN_UNDECLARED_SELECTOR = YES;
				GCC_WARN_UNINITIALIZED_AUTOS = YES_AGGRESSIVE;
				GCC_WARN_UNUSED_FUNCTION = YES;
				GCC_WARN_UNUSED_VARIABLE = YES;
				IPHONEOS_DEPLOYMENT_TARGET = 8.1;
				MTL_ENABLE_DEBUG_INFO = YES;
				ONLY_ACTIVE_ARCH = YES;
				SDKROOT = iphoneos;
			};
			name = Debug;
		};
		72AD412F1A08B76D00D2DF1D /* Release */ = {
			isa = XCBuildConfiguration;
			buildSettings = {
				ALWAYS_SEARCH_USER_PATHS = NO;
				CLANG_CXX_LANGUAGE_STANDARD = "gnu++0x";
				CLANG_CXX_LIBRARY = "libc++";
				CLANG_ENABLE_MODULES = YES;
				CLANG_ENABLE_OBJC_ARC = YES;
				CLANG_WARN_BOOL_CONVERSION = YES;
				CLANG_WARN_CONSTANT_CONVERSION = YES;
				CLANG_WARN_DIRECT_OBJC_ISA_USAGE = YES_ERROR;
				CLANG_WARN_EMPTY_BODY = YES;
				CLANG_WARN_ENUM_CONVERSION = YES;
				CLANG_WARN_INT_CONVERSION = YES;
				CLANG_WARN_OBJC_ROOT_CLASS = YES_ERROR;
				CLANG_WARN_UNREACHABLE_CODE = YES;
				CLANG_WARN__DUPLICATE_METHOD_MATCH = YES;
				"CODE_SIGN_IDENTITY[sdk=iphoneos*]" = "iPhone Developer";
				COPY_PHASE_STRIP = YES;
				ENABLE_NS_ASSERTIONS = NO;
				ENABLE_STRICT_OBJC_MSGSEND = YES;
				GCC_C_LANGUAGE_STANDARD = gnu99;
				GCC_WARN_64_TO_32_BIT_CONVERSION = YES;
				GCC_WARN_ABOUT_RETURN_TYPE = YES_ERROR;
				GCC_WARN_UNDECLARED_SELECTOR = YES;
				GCC_WARN_UNINITIALIZED_AUTOS = YES_AGGRESSIVE;
				GCC_WARN_UNUSED_FUNCTION = YES;
				GCC_WARN_UNUSED_VARIABLE = YES;
				IPHONEOS_DEPLOYMENT_TARGET = 8.1;
				MTL_ENABLE_DEBUG_INFO = NO;
				SDKROOT = iphoneos;
				VALIDATE_PRODUCT = YES;
			};
			name = Release;
		};
		72AD41311A08B76D00D2DF1D /* Debug */ = {
			isa = XCBuildConfiguration;
			buildSettings = {
				ASSETCATALOG_COMPILER_APPICON_NAME = AppIcon;
				INFOPLIST_FILE = SamplePList/Info.plist;
				LD_RUNPATH_SEARCH_PATHS = "$(inherited) @executable_path/Frameworks";
				PRODUCT_NAME = "$(TARGET_NAME)";
			};
			name = Debug;
		};
		72AD41321A08B76D00D2DF1D /* Release */ = {
			isa = XCBuildConfiguration;
			buildSettings = {
				ASSETCATALOG_COMPILER_APPICON_NAME = AppIcon;
				INFOPLIST_FILE = SamplePList/Info.plist;
				LD_RUNPATH_SEARCH_PATHS = "$(inherited) @executable_path/Frameworks";
				PRODUCT_NAME = "$(TARGET_NAME)";
			};
			name = Release;
		};
		72AD41341A08B76D00D2DF1D /* Debug */ = {
			isa = XCBuildConfiguration;
			buildSettings = {
				BUNDLE_LOADER = "$(TEST_HOST)";
				FRAMEWORK_SEARCH_PATHS = (
					"$(SDKROOT)/Developer/Library/Frameworks",
					"$(inherited)",
				);
				GCC_PREPROCESSOR_DEFINITIONS = (
					"DEBUG=1",
					"$(inherited)",
				);
				INFOPLIST_FILE = SamplePListTests/Info.plist;
				LD_RUNPATH_SEARCH_PATHS = "$(inherited) @executable_path/Frameworks @loader_path/Frameworks";
				PRODUCT_NAME = "$(TARGET_NAME)";
				TEST_HOST = "$(BUILT_PRODUCTS_DIR)/SamplePList.app/SamplePList";
			};
			name = Debug;
		};
		72AD41351A08B76D00D2DF1D /* Release */ = {
			isa = XCBuildConfiguration;
			buildSettings = {
				BUNDLE_LOADER = "$(TEST_HOST)";
				FRAMEWORK_SEARCH_PATHS = (
					"$(SDKROOT)/Developer/Library/Frameworks",
					"$(inherited)",
				);
				INFOPLIST_FILE = SamplePListTests/Info.plist;
				LD_RUNPATH_SEARCH_PATHS = "$(inherited) @executable_path/Frameworks @loader_path/Frameworks";
				PRODUCT_NAME = "$(TARGET_NAME)";
				TEST_HOST = "$(BUILT_PRODUCTS_DIR)/SamplePList.app/SamplePList";
			};
			name = Release;
		};
/* End XCBuildConfiguration section */

/* Begin XCConfigurationList section */
		72AD41081A08B76D00D2DF1D /* Build configuration list for PBXProject "SamplePList" */ = {
			isa = XCConfigurationList;
			buildConfigurations = (
				72AD412E1A08B76D00D2DF1D /* Debug */,
				72AD412F1A08B76D00D2DF1D /* Release */,
			);
			defaultConfigurationIsVisible = 0;
			defaultConfigurationName = Release;
		};
		72AD41301A08B76D00D2DF1D /* Build configuration list for PBXNativeTarget "SamplePList" */ = {
			isa = XCConfigurationList;
			buildConfigurations = (
				72AD41311A08B76D00D2DF1D /* Debug */,
				72AD41321A08B76D00D2DF1D /* Release */,
			);
			defaultConfigurationIsVisible = 0;
			defaultConfigurationName = Release;
		};
		72AD41331A08B76D00D2DF1D /* Build configuration list for PBXNativeTarget "SamplePListTests" */ = {
			isa = XCConfigurationList;
			buildConfigurations = (
				72AD41341A08B76D00D2DF1D /* Debug */,
				72AD41351A08B76D00D2DF1D /* Release */,
			);
			defaultConfigurationIsVisible = 0;
			defaultConfigurationName = Release;
		};
/* End XCConfigurationList section */
	};
	rootObject = 72AD41051A08B76D00D2DF1D /* Project object */;
}
